
Microsoft Visual Studio Solution File, Format Version 12.00
# Visual Studio Version 17
VisualStudioVersion = 17.14.36915.13 d17.14
MinimumVisualStudioVersion = 10.0.40219.1
Project("{FAE04EC0-301F-11D3-BF4B-00C04F79EFBC}") = "Florive.Api", "Florive.Api\Florive.Api.csproj", "{F9EFE1DF-CC24-49F9-8C0E-C24B58369C0E}"
EndProject
Global
	GlobalSection(SolutionConfigurationPlatforms) = preSolution
		Debug|Any CPU = Debug|Any CPU
		Release|Any CPU = Release|Any CPU
	EndGlobalSection
	GlobalSection(ProjectConfigurationPlatforms) = postSolution
		{F9EFE1DF-CC24-49F9-8C0E-C24B58369C0E}.Debug|Any CPU.ActiveCfg = Debug|Any CPU
		{F9EFE1DF-CC24-49F9-8C0E-C24B58369C0E}.Debug|Any CPU.Build.0 = Debug|Any CPU
		{F9EFE1DF-CC24-49F9-8C0E-C24B58369C0E}.Release|Any CPU.ActiveCfg = Release|Any CPU
		{F9EFE1DF-CC24-49F9-8C0E-C24B58369C0E}.Release|Any CPU.Build.0 = Release|Any CPU
	EndGlobalSection
	GlobalSection(SolutionProperties) = preSolution
		HideSolutionNode = FALSE
	EndGlobalSection
	GlobalSection(ExtensibilityGlobals) = postSolution
		SolutionGuid = {5A122338-E46E-4FBC-BDAC-6D60799130D6}
	EndGlobalSection
EndGlobal
